<?xml version="1.0" encoding="utf-8"?>
<Project ToolsVersion="16.0" xmlns="http://schemas.microsoft.com/developer/msbuild/2003">
  <ItemGroup>
    <CustomBuild Include="C:\Users\rolan\Desktop\GigaVoxelsDev\Generated_VC16_x64\Tools\CMakeFiles\7641b7619aa1a73c830d49101f9f4dec\generate.stamp.rule">
      <Filter>CMake Rules</Filter>
    </CustomBuild>
  </ItemGroup>
  <ItemGroup>
    <Filter Include="CMake Rules">
      <UniqueIdentifier>{3DC21A82-3C52-3D1B-B44D-7CF88ED2A5A9}</UniqueIdentifier>
    </Filter>
  </ItemGroup>
</Project>
