<?xml version="1.0" encoding="utf-8"?>
<Project ToolsVersion="17.0" xmlns="http://schemas.microsoft.com/developer/msbuild/2003">
  <ItemGroup>
    <ClCompile Include="C:\Users\rolan\Desktop\GigaVoxelsDev\Development\Tools\GigaVoxelsViewer\GvViewerScene\Src\GvvGLSLShader.cpp">
      <Filter>Src</Filter>
    </ClCompile>
    <ClCompile Include="C:\Users\rolan\Desktop\GigaVoxelsDev\Development\Tools\GigaVoxelsViewer\GvViewerScene\Src\GvvGraphicsObject.cpp">
      <Filter>Src</Filter>
    </ClCompile>
    <ClCompile Include="C:\Users\rolan\Desktop\GigaVoxelsDev\Development\Tools\GigaVoxelsViewer\GvViewerScene\Src\GvvMesh.cpp">
      <Filter>Src</Filter>
    </ClCompile>
    <ClCompile Include="C:\Users\rolan\Desktop\GigaVoxelsDev\Development\Tools\GigaVoxelsViewer\GvViewerScene\Src\GvvPipeline.cpp">
      <Filter>Src</Filter>
    </ClCompile>
    <ClCompile Include="C:\Users\rolan\Desktop\GigaVoxelsDev\Development\Tools\GigaVoxelsViewer\GvViewerScene\Src\GvvSkyBox.cpp">
      <Filter>Src</Filter>
    </ClCompile>
    <ClCompile Include="C:\Users\rolan\Desktop\GigaVoxelsDev\Development\Tools\GigaVoxelsViewer\GvViewerScene\Src\GvvTerrain.cpp">
      <Filter>Src</Filter>
    </ClCompile>
    <ClCompile Include="C:\Users\rolan\Desktop\GigaVoxelsDev\Development\Tools\GigaVoxelsViewer\GvViewerScene\Src\GvvWater.cpp">
      <Filter>Src</Filter>
    </ClCompile>
  </ItemGroup>
  <ItemGroup>
    <ClInclude Include="C:\Users\rolan\Desktop\GigaVoxelsDev\Development\Tools\GigaVoxelsViewer\GvViewerScene\Inc\GvvGLSLShader.h">
      <Filter>Inc</Filter>
    </ClInclude>
    <ClInclude Include="C:\Users\rolan\Desktop\GigaVoxelsDev\Development\Tools\GigaVoxelsViewer\GvViewerScene\Inc\GvvGraphicsObject.h">
      <Filter>Inc</Filter>
    </ClInclude>
    <ClInclude Include="C:\Users\rolan\Desktop\GigaVoxelsDev\Development\Tools\GigaVoxelsViewer\GvViewerScene\Inc\GvvMesh.h">
      <Filter>Inc</Filter>
    </ClInclude>
    <ClInclude Include="C:\Users\rolan\Desktop\GigaVoxelsDev\Development\Tools\GigaVoxelsViewer\GvViewerScene\Inc\GvvPipeline.h">
      <Filter>Inc</Filter>
    </ClInclude>
    <ClInclude Include="C:\Users\rolan\Desktop\GigaVoxelsDev\Development\Tools\GigaVoxelsViewer\GvViewerScene\Inc\GvvSceneConfig.h">
      <Filter>Inc</Filter>
    </ClInclude>
    <ClInclude Include="C:\Users\rolan\Desktop\GigaVoxelsDev\Development\Tools\GigaVoxelsViewer\GvViewerScene\Inc\GvvSkyBox.h">
      <Filter>Inc</Filter>
    </ClInclude>
    <ClInclude Include="C:\Users\rolan\Desktop\GigaVoxelsDev\Development\Tools\GigaVoxelsViewer\GvViewerScene\Inc\GvvTerrain.h">
      <Filter>Inc</Filter>
    </ClInclude>
    <ClInclude Include="C:\Users\rolan\Desktop\GigaVoxelsDev\Development\Tools\GigaVoxelsViewer\GvViewerScene\Inc\GvvWater.h">
      <Filter>Inc</Filter>
    </ClInclude>
    <ClInclude Include="C:\Users\rolan\Desktop\GigaVoxelsDev\Development\Tools\GigaVoxelsViewer\GvViewerScene\Inc\GvvGraphicsObject.inl">
      <Filter>Inl</Filter>
    </ClInclude>
  </ItemGroup>
  <ItemGroup>
    <CustomBuild Include="C:\Users\rolan\Desktop\GigaVoxelsDev\Development\Tools\GigaVoxelsViewer\GvViewerScene\CMakeLists.txt" />
  </ItemGroup>
  <ItemGroup>
    <Filter Include="Inc">
      <UniqueIdentifier>{99B1F577-5A0B-3F86-91F9-F2F253AB3762}</UniqueIdentifier>
    </Filter>
    <Filter Include="Inl">
      <UniqueIdentifier>{96CE760D-4C8F-3E4F-865B-21AB2F0DEF86}</UniqueIdentifier>
    </Filter>
    <Filter Include="Src">
      <UniqueIdentifier>{6CC341FA-DF1F-314F-8EDF-C532C32CDD41}</UniqueIdentifier>
    </Filter>
  </ItemGroup>
</Project>
