<?xml version="1.0" encoding="utf-8"?>
<Project ToolsVersion="16.0" xmlns="http://schemas.microsoft.com/developer/msbuild/2003">
  <ItemGroup>
    <ClCompile Include="C:\Users\rolan\Desktop\GigaVoxelsDev\Development\Tools\GigaVoxelsViewer\GvViewerGui\Src\Gvv3DWindow.cpp">
      <Filter>Src</Filter>
    </ClCompile>
    <ClCompile Include="C:\Users\rolan\Desktop\GigaVoxelsDev\Development\Tools\GigaVoxelsViewer\GvViewerGui\Src\GvvAboutDialog.cpp">
      <Filter>Src</Filter>
    </ClCompile>
    <ClCompile Include="C:\Users\rolan\Desktop\GigaVoxelsDev\Development\Tools\GigaVoxelsViewer\GvViewerGui\Src\GvvAction.cpp">
      <Filter>Src</Filter>
    </ClCompile>
    <ClCompile Include="C:\Users\rolan\Desktop\GigaVoxelsDev\Development\Tools\GigaVoxelsViewer\GvViewerGui\Src\GvvActionManager.cpp">
      <Filter>Src</Filter>
    </ClCompile>
    <ClCompile Include="C:\Users\rolan\Desktop\GigaVoxelsDev\Development\Tools\GigaVoxelsViewer\GvViewerGui\Src\GvvAddLightAction.cpp">
      <Filter>Src</Filter>
    </ClCompile>
    <ClCompile Include="C:\Users\rolan\Desktop\GigaVoxelsDev\Development\Tools\GigaVoxelsViewer\GvViewerGui\Src\GvvAddPipelineAction.cpp">
      <Filter>Src</Filter>
    </ClCompile>
    <ClCompile Include="C:\Users\rolan\Desktop\GigaVoxelsDev\Development\Tools\GigaVoxelsViewer\GvViewerGui\Src\GvvAddSceneAction.cpp">
      <Filter>Src</Filter>
    </ClCompile>
    <ClCompile Include="C:\Users\rolan\Desktop\GigaVoxelsDev\Development\Tools\GigaVoxelsViewer\GvViewerGui\Src\GvvAnalyzerToolBar.cpp">
      <Filter>Src</Filter>
    </ClCompile>
    <ClCompile Include="C:\Users\rolan\Desktop\GigaVoxelsDev\Development\Tools\GigaVoxelsViewer\GvViewerGui\Src\GvvApplication.cpp">
      <Filter>Src</Filter>
    </ClCompile>
    <ClCompile Include="C:\Users\rolan\Desktop\GigaVoxelsDev\Development\Tools\GigaVoxelsViewer\GvViewerGui\Src\GvvBrowsableItem.cpp">
      <Filter>Src</Filter>
    </ClCompile>
    <ClCompile Include="C:\Users\rolan\Desktop\GigaVoxelsDev\Development\Tools\GigaVoxelsViewer\GvViewerGui\Src\GvvBrowser.cpp">
      <Filter>Src</Filter>
    </ClCompile>
    <ClCompile Include="C:\Users\rolan\Desktop\GigaVoxelsDev\Development\Tools\GigaVoxelsViewer\GvViewerGui\Src\GvvCUDASourceEditor.cpp">
      <Filter>Src</Filter>
    </ClCompile>
    <ClCompile Include="C:\Users\rolan\Desktop\GigaVoxelsDev\Development\Tools\GigaVoxelsViewer\GvViewerGui\Src\GvvCUDASyntaxHighlighter.cpp">
      <Filter>Src</Filter>
    </ClCompile>
    <ClCompile Include="C:\Users\rolan\Desktop\GigaVoxelsDev\Development\Tools\GigaVoxelsViewer\GvViewerGui\Src\GvvCacheEditor.cpp">
      <Filter>Src</Filter>
    </ClCompile>
    <ClCompile Include="C:\Users\rolan\Desktop\GigaVoxelsDev\Development\Tools\GigaVoxelsViewer\GvViewerGui\Src\GvvCacheUsageView.cpp">
      <Filter>Src</Filter>
    </ClCompile>
    <ClCompile Include="C:\Users\rolan\Desktop\GigaVoxelsDev\Development\Tools\GigaVoxelsViewer\GvViewerGui\Src\GvvCameraEditor.cpp">
      <Filter>Src</Filter>
    </ClCompile>
    <ClCompile Include="C:\Users\rolan\Desktop\GigaVoxelsDev\Development\Tools\GigaVoxelsViewer\GvViewerGui\Src\GvvCaptureToolBar.cpp">
      <Filter>Src</Filter>
    </ClCompile>
    <ClCompile Include="C:\Users\rolan\Desktop\GigaVoxelsDev\Development\Tools\GigaVoxelsViewer\GvViewerGui\Src\GvvCaptureVideoAction.cpp">
      <Filter>Src</Filter>
    </ClCompile>
    <ClCompile Include="C:\Users\rolan\Desktop\GigaVoxelsDev\Development\Tools\GigaVoxelsViewer\GvViewerGui\Src\GvvContextListener.cpp">
      <Filter>Src</Filter>
    </ClCompile>
    <ClCompile Include="C:\Users\rolan\Desktop\GigaVoxelsDev\Development\Tools\GigaVoxelsViewer\GvViewerGui\Src\GvvContextListenerProxy.cpp">
      <Filter>Src</Filter>
    </ClCompile>
    <ClCompile Include="C:\Users\rolan\Desktop\GigaVoxelsDev\Development\Tools\GigaVoxelsViewer\GvViewerGui\Src\GvvContextManager.cpp">
      <Filter>Src</Filter>
    </ClCompile>
    <ClCompile Include="C:\Users\rolan\Desktop\GigaVoxelsDev\Development\Tools\GigaVoxelsViewer\GvViewerGui\Src\GvvContextMenu.cpp">
      <Filter>Src</Filter>
    </ClCompile>
    <ClCompile Include="C:\Users\rolan\Desktop\GigaVoxelsDev\Development\Tools\GigaVoxelsViewer\GvViewerGui\Src\GvvDataLoaderDialog.cpp">
      <Filter>Src</Filter>
    </ClCompile>
    <ClCompile Include="C:\Users\rolan\Desktop\GigaVoxelsDev\Development\Tools\GigaVoxelsViewer\GvViewerGui\Src\GvvDeviceBrowser.cpp">
      <Filter>Src</Filter>
    </ClCompile>
    <ClCompile Include="C:\Users\rolan\Desktop\GigaVoxelsDev\Development\Tools\GigaVoxelsViewer\GvViewerGui\Src\GvvDisplayDataStructureAction.cpp">
      <Filter>Src</Filter>
    </ClCompile>
    <ClCompile Include="C:\Users\rolan\Desktop\GigaVoxelsDev\Development\Tools\GigaVoxelsViewer\GvViewerGui\Src\GvvDisplayPerformanceCountersAction.cpp">
      <Filter>Src</Filter>
    </ClCompile>
    <ClCompile Include="C:\Users\rolan\Desktop\GigaVoxelsDev\Development\Tools\GigaVoxelsViewer\GvViewerGui\Src\GvvEditBrowsableAction.cpp">
      <Filter>Src</Filter>
    </ClCompile>
    <ClCompile Include="C:\Users\rolan\Desktop\GigaVoxelsDev\Development\Tools\GigaVoxelsViewer\GvViewerGui\Src\GvvEditCameraAction.cpp">
      <Filter>Src</Filter>
    </ClCompile>
    <ClCompile Include="C:\Users\rolan\Desktop\GigaVoxelsDev\Development\Tools\GigaVoxelsViewer\GvViewerGui\Src\GvvEditor.cpp">
      <Filter>Src</Filter>
    </ClCompile>
    <ClCompile Include="C:\Users\rolan\Desktop\GigaVoxelsDev\Development\Tools\GigaVoxelsViewer\GvViewerGui\Src\GvvEditorWindow.cpp">
      <Filter>Src</Filter>
    </ClCompile>
    <ClCompile Include="C:\Users\rolan\Desktop\GigaVoxelsDev\Development\Tools\GigaVoxelsViewer\GvViewerGui\Src\GvvGLSLSourceEditor.cpp">
      <Filter>Src</Filter>
    </ClCompile>
    <ClCompile Include="C:\Users\rolan\Desktop\GigaVoxelsDev\Development\Tools\GigaVoxelsViewer\GvViewerGui\Src\GvvGLSLSyntaxHighlighter.cpp">
      <Filter>Src</Filter>
    </ClCompile>
    <ClCompile Include="C:\Users\rolan\Desktop\GigaVoxelsDev\Development\Tools\GigaVoxelsViewer\GvViewerGui\Src\GvvGLSceneBrowser.cpp">
      <Filter>Src</Filter>
    </ClCompile>
    <ClCompile Include="C:\Users\rolan\Desktop\GigaVoxelsDev\Development\Tools\GigaVoxelsViewer\GvViewerGui\Src\GvvMainWindow.cpp">
      <Filter>Src</Filter>
    </ClCompile>
    <ClCompile Include="C:\Users\rolan\Desktop\GigaVoxelsDev\Development\Tools\GigaVoxelsViewer\GvViewerGui\Src\GvvOpenProgrammableShaderEditor.cpp">
      <Filter>Src</Filter>
    </ClCompile>
    <ClCompile Include="C:\Users\rolan\Desktop\GigaVoxelsDev\Development\Tools\GigaVoxelsViewer\GvViewerGui\Src\GvvOpenTransferFunctionEditor.cpp">
      <Filter>Src</Filter>
    </ClCompile>
    <ClCompile Include="C:\Users\rolan\Desktop\GigaVoxelsDev\Development\Tools\GigaVoxelsViewer\GvViewerGui\Src\GvvPipelineBrowser.cpp">
      <Filter>Src</Filter>
    </ClCompile>
    <ClCompile Include="C:\Users\rolan\Desktop\GigaVoxelsDev\Development\Tools\GigaVoxelsViewer\GvViewerGui\Src\GvvPipelineEditor.cpp">
      <Filter>Src</Filter>
    </ClCompile>
    <ClCompile Include="C:\Users\rolan\Desktop\GigaVoxelsDev\Development\Tools\GigaVoxelsViewer\GvViewerGui\Src\GvvPipelineInterfaceViewer.cpp">
      <Filter>Src</Filter>
    </ClCompile>
    <ClCompile Include="C:\Users\rolan\Desktop\GigaVoxelsDev\Development\Tools\GigaVoxelsViewer\GvViewerGui\Src\GvvPlotView.cpp">
      <Filter>Src</Filter>
    </ClCompile>
    <ClCompile Include="C:\Users\rolan\Desktop\GigaVoxelsDev\Development\Tools\GigaVoxelsViewer\GvViewerGui\Src\GvvPreferencesDialog.cpp">
      <Filter>Src</Filter>
    </ClCompile>
    <ClCompile Include="C:\Users\rolan\Desktop\GigaVoxelsDev\Development\Tools\GigaVoxelsViewer\GvViewerGui\Src\GvvRawDataLoaderDialog.cpp">
      <Filter>Src</Filter>
    </ClCompile>
    <ClCompile Include="C:\Users\rolan\Desktop\GigaVoxelsDev\Development\Tools\GigaVoxelsViewer\GvViewerGui\Src\GvvRemoveBrowsableAction.cpp">
      <Filter>Src</Filter>
    </ClCompile>
    <ClCompile Include="C:\Users\rolan\Desktop\GigaVoxelsDev\Development\Tools\GigaVoxelsViewer\GvViewerGui\Src\GvvRendererEditor.cpp">
      <Filter>Src</Filter>
    </ClCompile>
    <ClCompile Include="C:\Users\rolan\Desktop\GigaVoxelsDev\Development\Tools\GigaVoxelsViewer\GvViewerGui\Src\GvvSectionEditor.cpp">
      <Filter>Src</Filter>
    </ClCompile>
    <ClCompile Include="C:\Users\rolan\Desktop\GigaVoxelsDev\Development\Tools\GigaVoxelsViewer\GvViewerGui\Src\GvvTimeBudgetMonitoringEditor.cpp">
      <Filter>Src</Filter>
    </ClCompile>
    <ClCompile Include="C:\Users\rolan\Desktop\GigaVoxelsDev\Development\Tools\GigaVoxelsViewer\GvViewerGui\Src\GvvTimeBudgetPlotView.cpp">
      <Filter>Src</Filter>
    </ClCompile>
    <ClCompile Include="C:\Users\rolan\Desktop\GigaVoxelsDev\Development\Tools\GigaVoxelsViewer\GvViewerGui\Src\GvvToolBar.cpp">
      <Filter>Src</Filter>
    </ClCompile>
    <ClCompile Include="C:\Users\rolan\Desktop\GigaVoxelsDev\Development\Tools\GigaVoxelsViewer\GvViewerGui\Src\GvvTransferFunctionEditor.cpp">
      <Filter>Src</Filter>
    </ClCompile>
    <ClCompile Include="C:\Users\rolan\Desktop\GigaVoxelsDev\Development\Tools\GigaVoxelsViewer\GvViewerGui\Src\GvvTransformationEditor.cpp">
      <Filter>Src</Filter>
    </ClCompile>
    <ClCompile Include="C:\Users\rolan\Desktop\GigaVoxelsDev\Development\Tools\GigaVoxelsViewer\GvViewerGui\Src\GvvZoomToAction.cpp">
      <Filter>Src</Filter>
    </ClCompile>
    <ClCompile Include="C:\Users\rolan\Desktop\GigaVoxelsDev\Development\Tools\GigaVoxelsViewer\GvViewerGui\Src\Qtfe.cpp">
      <Filter>Src</Filter>
    </ClCompile>
    <ClCompile Include="C:\Users\rolan\Desktop\GigaVoxelsDev\Development\Tools\GigaVoxelsViewer\GvViewerGui\Src\QtfeChannel.cpp">
      <Filter>Src</Filter>
    </ClCompile>
    <ClCompile Include="C:\Users\rolan\Desktop\GigaVoxelsDev\Development\Tools\GigaVoxelsViewer\GvViewerGui\Src\QtfeOutput.cpp">
      <Filter>Src</Filter>
    </ClCompile>
    <ClCompile Include="C:\Users\rolan\Desktop\GigaVoxelsDev\Generated_VC16_x64\Tools\GigaVoxelsViewer\GvViewerGui\Src\resources.qrc.cpp">
      <Filter>Generated</Filter>
    </ClCompile>
    <ClCompile Include="C:\Users\rolan\Desktop\GigaVoxelsDev\Generated_VC16_x64\Tools\GigaVoxelsViewer\GvViewerGui\Src\Gvv3DWindow.moc.cpp">
      <Filter>Generated</Filter>
    </ClCompile>
    <ClCompile Include="C:\Users\rolan\Desktop\GigaVoxelsDev\Generated_VC16_x64\Tools\GigaVoxelsViewer\GvViewerGui\Src\GvvAboutDialog.moc.cpp">
      <Filter>Generated</Filter>
    </ClCompile>
    <ClCompile Include="C:\Users\rolan\Desktop\GigaVoxelsDev\Generated_VC16_x64\Tools\GigaVoxelsViewer\GvViewerGui\Src\GvvAction.moc.cpp">
      <Filter>Generated</Filter>
    </ClCompile>
    <ClCompile Include="C:\Users\rolan\Desktop\GigaVoxelsDev\Generated_VC16_x64\Tools\GigaVoxelsViewer\GvViewerGui\Src\GvvAnalyzerToolBar.moc.cpp">
      <Filter>Generated</Filter>
    </ClCompile>
    <ClCompile Include="C:\Users\rolan\Desktop\GigaVoxelsDev\Generated_VC16_x64\Tools\GigaVoxelsViewer\GvViewerGui\Src\GvvApplication.moc.cpp">
      <Filter>Generated</Filter>
    </ClCompile>
    <ClCompile Include="C:\Users\rolan\Desktop\GigaVoxelsDev\Generated_VC16_x64\Tools\GigaVoxelsViewer\GvViewerGui\Src\GvvBrowser.moc.cpp">
      <Filter>Generated</Filter>
    </ClCompile>
    <ClCompile Include="C:\Users\rolan\Desktop\GigaVoxelsDev\Generated_VC16_x64\Tools\GigaVoxelsViewer\GvViewerGui\Src\GvvCUDASourceEditor.moc.cpp">
      <Filter>Generated</Filter>
    </ClCompile>
    <ClCompile Include="C:\Users\rolan\Desktop\GigaVoxelsDev\Generated_VC16_x64\Tools\GigaVoxelsViewer\GvViewerGui\Src\GvvCUDASyntaxHighlighter.moc.cpp">
      <Filter>Generated</Filter>
    </ClCompile>
    <ClCompile Include="C:\Users\rolan\Desktop\GigaVoxelsDev\Generated_VC16_x64\Tools\GigaVoxelsViewer\GvViewerGui\Src\GvvCacheEditor.moc.cpp">
      <Filter>Generated</Filter>
    </ClCompile>
    <ClCompile Include="C:\Users\rolan\Desktop\GigaVoxelsDev\Generated_VC16_x64\Tools\GigaVoxelsViewer\GvViewerGui\Src\GvvCacheUsageView.moc.cpp">
      <Filter>Generated</Filter>
    </ClCompile>
    <ClCompile Include="C:\Users\rolan\Desktop\GigaVoxelsDev\Generated_VC16_x64\Tools\GigaVoxelsViewer\GvViewerGui\Src\GvvCameraEditor.moc.cpp">
      <Filter>Generated</Filter>
    </ClCompile>
    <ClCompile Include="C:\Users\rolan\Desktop\GigaVoxelsDev\Generated_VC16_x64\Tools\GigaVoxelsViewer\GvViewerGui\Src\GvvCaptureToolBar.moc.cpp">
      <Filter>Generated</Filter>
    </ClCompile>
    <ClCompile Include="C:\Users\rolan\Desktop\GigaVoxelsDev\Generated_VC16_x64\Tools\GigaVoxelsViewer\GvViewerGui\Src\GvvContextListenerProxy.moc.cpp">
      <Filter>Generated</Filter>
    </ClCompile>
    <ClCompile Include="C:\Users\rolan\Desktop\GigaVoxelsDev\Generated_VC16_x64\Tools\GigaVoxelsViewer\GvViewerGui\Src\GvvContextManager.moc.cpp">
      <Filter>Generated</Filter>
    </ClCompile>
    <ClCompile Include="C:\Users\rolan\Desktop\GigaVoxelsDev\Generated_VC16_x64\Tools\GigaVoxelsViewer\GvViewerGui\Src\GvvContextMenu.moc.cpp">
      <Filter>Generated</Filter>
    </ClCompile>
    <ClCompile Include="C:\Users\rolan\Desktop\GigaVoxelsDev\Generated_VC16_x64\Tools\GigaVoxelsViewer\GvViewerGui\Src\GvvDataLoaderDialog.moc.cpp">
      <Filter>Generated</Filter>
    </ClCompile>
    <ClCompile Include="C:\Users\rolan\Desktop\GigaVoxelsDev\Generated_VC16_x64\Tools\GigaVoxelsViewer\GvViewerGui\Src\GvvDeviceBrowser.moc.cpp">
      <Filter>Generated</Filter>
    </ClCompile>
    <ClCompile Include="C:\Users\rolan\Desktop\GigaVoxelsDev\Generated_VC16_x64\Tools\GigaVoxelsViewer\GvViewerGui\Src\GvvEditorWindow.moc.cpp">
      <Filter>Generated</Filter>
    </ClCompile>
    <ClCompile Include="C:\Users\rolan\Desktop\GigaVoxelsDev\Generated_VC16_x64\Tools\GigaVoxelsViewer\GvViewerGui\Src\GvvGLSLSourceEditor.moc.cpp">
      <Filter>Generated</Filter>
    </ClCompile>
    <ClCompile Include="C:\Users\rolan\Desktop\GigaVoxelsDev\Generated_VC16_x64\Tools\GigaVoxelsViewer\GvViewerGui\Src\GvvGLSLSyntaxHighlighter.moc.cpp">
      <Filter>Generated</Filter>
    </ClCompile>
    <ClCompile Include="C:\Users\rolan\Desktop\GigaVoxelsDev\Generated_VC16_x64\Tools\GigaVoxelsViewer\GvViewerGui\Src\GvvGLSceneBrowser.moc.cpp">
      <Filter>Generated</Filter>
    </ClCompile>
    <ClCompile Include="C:\Users\rolan\Desktop\GigaVoxelsDev\Generated_VC16_x64\Tools\GigaVoxelsViewer\GvViewerGui\Src\GvvMainWindow.moc.cpp">
      <Filter>Generated</Filter>
    </ClCompile>
    <ClCompile Include="C:\Users\rolan\Desktop\GigaVoxelsDev\Generated_VC16_x64\Tools\GigaVoxelsViewer\GvViewerGui\Src\GvvPipelineBrowser.moc.cpp">
      <Filter>Generated</Filter>
    </ClCompile>
    <ClCompile Include="C:\Users\rolan\Desktop\GigaVoxelsDev\Generated_VC16_x64\Tools\GigaVoxelsViewer\GvViewerGui\Src\GvvPipelineInterfaceViewer.moc.cpp">
      <Filter>Generated</Filter>
    </ClCompile>
    <ClCompile Include="C:\Users\rolan\Desktop\GigaVoxelsDev\Generated_VC16_x64\Tools\GigaVoxelsViewer\GvViewerGui\Src\GvvPlotView.moc.cpp">
      <Filter>Generated</Filter>
    </ClCompile>
    <ClCompile Include="C:\Users\rolan\Desktop\GigaVoxelsDev\Generated_VC16_x64\Tools\GigaVoxelsViewer\GvViewerGui\Src\GvvPreferencesDialog.moc.cpp">
      <Filter>Generated</Filter>
    </ClCompile>
    <ClCompile Include="C:\Users\rolan\Desktop\GigaVoxelsDev\Generated_VC16_x64\Tools\GigaVoxelsViewer\GvViewerGui\Src\GvvRawDataLoaderDialog.moc.cpp">
      <Filter>Generated</Filter>
    </ClCompile>
    <ClCompile Include="C:\Users\rolan\Desktop\GigaVoxelsDev\Generated_VC16_x64\Tools\GigaVoxelsViewer\GvViewerGui\Src\GvvRendererEditor.moc.cpp">
      <Filter>Generated</Filter>
    </ClCompile>
    <ClCompile Include="C:\Users\rolan\Desktop\GigaVoxelsDev\Generated_VC16_x64\Tools\GigaVoxelsViewer\GvViewerGui\Src\GvvTimeBudgetMonitoringEditor.moc.cpp">
      <Filter>Generated</Filter>
    </ClCompile>
    <ClCompile Include="C:\Users\rolan\Desktop\GigaVoxelsDev\Generated_VC16_x64\Tools\GigaVoxelsViewer\GvViewerGui\Src\GvvTimeBudgetPlotView.moc.cpp">
      <Filter>Generated</Filter>
    </ClCompile>
    <ClCompile Include="C:\Users\rolan\Desktop\GigaVoxelsDev\Generated_VC16_x64\Tools\GigaVoxelsViewer\GvViewerGui\Src\GvvToolBar.moc.cpp">
      <Filter>Generated</Filter>
    </ClCompile>
    <ClCompile Include="C:\Users\rolan\Desktop\GigaVoxelsDev\Generated_VC16_x64\Tools\GigaVoxelsViewer\GvViewerGui\Src\GvvTransferFunctionEditor.moc.cpp">
      <Filter>Generated</Filter>
    </ClCompile>
    <ClCompile Include="C:\Users\rolan\Desktop\GigaVoxelsDev\Generated_VC16_x64\Tools\GigaVoxelsViewer\GvViewerGui\Src\GvvTransformationEditor.moc.cpp">
      <Filter>Generated</Filter>
    </ClCompile>
    <ClCompile Include="C:\Users\rolan\Desktop\GigaVoxelsDev\Generated_VC16_x64\Tools\GigaVoxelsViewer\GvViewerGui\Src\Qtfe.moc.cpp">
      <Filter>Generated</Filter>
    </ClCompile>
    <ClCompile Include="C:\Users\rolan\Desktop\GigaVoxelsDev\Generated_VC16_x64\Tools\GigaVoxelsViewer\GvViewerGui\Src\QtfeChannel.moc.cpp">
      <Filter>Generated</Filter>
    </ClCompile>
    <ClCompile Include="C:\Users\rolan\Desktop\GigaVoxelsDev\Generated_VC16_x64\Tools\GigaVoxelsViewer\GvViewerGui\Src\QtfeOutput.moc.cpp">
      <Filter>Generated</Filter>
    </ClCompile>
  </ItemGroup>
  <ItemGroup>
    <ClInclude Include="C:\Users\rolan\Desktop\GigaVoxelsDev\Generated_VC16_x64\Tools\GigaVoxelsViewer\GvViewerGui\Inc\UI_GvQCUDASourceEditor.h">
      <Filter>Generated</Filter>
    </ClInclude>
    <ClInclude Include="C:\Users\rolan\Desktop\GigaVoxelsDev\Generated_VC16_x64\Tools\GigaVoxelsViewer\GvViewerGui\Inc\UI_GvQDataLoaderDialog.h">
      <Filter>Generated</Filter>
    </ClInclude>
    <ClInclude Include="C:\Users\rolan\Desktop\GigaVoxelsDev\Generated_VC16_x64\Tools\GigaVoxelsViewer\GvViewerGui\Inc\UI_GvQGLSLSourceEditor.h">
      <Filter>Generated</Filter>
    </ClInclude>
    <ClInclude Include="C:\Users\rolan\Desktop\GigaVoxelsDev\Generated_VC16_x64\Tools\GigaVoxelsViewer\GvViewerGui\Inc\UI_GvQMainWindow.h">
      <Filter>Generated</Filter>
    </ClInclude>
    <ClInclude Include="C:\Users\rolan\Desktop\GigaVoxelsDev\Generated_VC16_x64\Tools\GigaVoxelsViewer\GvViewerGui\Inc\UI_GvQRawDataLoaderDialog.h">
      <Filter>Generated</Filter>
    </ClInclude>
    <ClInclude Include="C:\Users\rolan\Desktop\GigaVoxelsDev\Generated_VC16_x64\Tools\GigaVoxelsViewer\GvViewerGui\Inc\UI_GvQTransferFunctionEditor.h">
      <Filter>Generated</Filter>
    </ClInclude>
    <ClInclude Include="C:\Users\rolan\Desktop\GigaVoxelsDev\Generated_VC16_x64\Tools\GigaVoxelsViewer\GvViewerGui\Inc\UI_GvvQAboutDialog.h">
      <Filter>Generated</Filter>
    </ClInclude>
    <ClInclude Include="C:\Users\rolan\Desktop\GigaVoxelsDev\Generated_VC16_x64\Tools\GigaVoxelsViewer\GvViewerGui\Inc\UI_GvvQCacheEditor.h">
      <Filter>Generated</Filter>
    </ClInclude>
    <ClInclude Include="C:\Users\rolan\Desktop\GigaVoxelsDev\Generated_VC16_x64\Tools\GigaVoxelsViewer\GvViewerGui\Inc\UI_GvvQCacheUsageWidget.h">
      <Filter>Generated</Filter>
    </ClInclude>
    <ClInclude Include="C:\Users\rolan\Desktop\GigaVoxelsDev\Generated_VC16_x64\Tools\GigaVoxelsViewer\GvViewerGui\Inc\UI_GvvQCameraEditor.h">
      <Filter>Generated</Filter>
    </ClInclude>
    <ClInclude Include="C:\Users\rolan\Desktop\GigaVoxelsDev\Generated_VC16_x64\Tools\GigaVoxelsViewer\GvViewerGui\Inc\UI_GvvQEditorWidget.h">
      <Filter>Generated</Filter>
    </ClInclude>
    <ClInclude Include="C:\Users\rolan\Desktop\GigaVoxelsDev\Generated_VC16_x64\Tools\GigaVoxelsViewer\GvViewerGui\Inc\UI_GvvQInspectorView.h">
      <Filter>Generated</Filter>
    </ClInclude>
    <ClInclude Include="C:\Users\rolan\Desktop\GigaVoxelsDev\Generated_VC16_x64\Tools\GigaVoxelsViewer\GvViewerGui\Inc\UI_GvvQLightDialog.h">
      <Filter>Generated</Filter>
    </ClInclude>
    <ClInclude Include="C:\Users\rolan\Desktop\GigaVoxelsDev\Generated_VC16_x64\Tools\GigaVoxelsViewer\GvViewerGui\Inc\UI_GvvQLightEditor.h">
      <Filter>Generated</Filter>
    </ClInclude>
    <ClInclude Include="C:\Users\rolan\Desktop\GigaVoxelsDev\Generated_VC16_x64\Tools\GigaVoxelsViewer\GvViewerGui\Inc\UI_GvvQMonitoringEditor.h">
      <Filter>Generated</Filter>
    </ClInclude>
    <ClInclude Include="C:\Users\rolan\Desktop\GigaVoxelsDev\Generated_VC16_x64\Tools\GigaVoxelsViewer\GvViewerGui\Inc\UI_GvvQPreferencesDialog.h">
      <Filter>Generated</Filter>
    </ClInclude>
    <ClInclude Include="C:\Users\rolan\Desktop\GigaVoxelsDev\Generated_VC16_x64\Tools\GigaVoxelsViewer\GvViewerGui\Inc\UI_GvvQRendererEditor.h">
      <Filter>Generated</Filter>
    </ClInclude>
    <ClInclude Include="C:\Users\rolan\Desktop\GigaVoxelsDev\Generated_VC16_x64\Tools\GigaVoxelsViewer\GvViewerGui\Inc\UI_GvvQTimeBudgetView.h">
      <Filter>Generated</Filter>
    </ClInclude>
    <ClInclude Include="C:\Users\rolan\Desktop\GigaVoxelsDev\Generated_VC16_x64\Tools\GigaVoxelsViewer\GvViewerGui\Inc\UI_GvvQTransformationEditor.h">
      <Filter>Generated</Filter>
    </ClInclude>
    <ClInclude Include="C:\Users\rolan\Desktop\GigaVoxelsDev\Development\Tools\GigaVoxelsViewer\GvViewerGui\Inc\GvvActionManager.h">
      <Filter>Inc</Filter>
    </ClInclude>
    <ClInclude Include="C:\Users\rolan\Desktop\GigaVoxelsDev\Development\Tools\GigaVoxelsViewer\GvViewerGui\Inc\GvvAddLightAction.h">
      <Filter>Inc</Filter>
    </ClInclude>
    <ClInclude Include="C:\Users\rolan\Desktop\GigaVoxelsDev\Development\Tools\GigaVoxelsViewer\GvViewerGui\Inc\GvvAddPipelineAction.h">
      <Filter>Inc</Filter>
    </ClInclude>
    <ClInclude Include="C:\Users\rolan\Desktop\GigaVoxelsDev\Development\Tools\GigaVoxelsViewer\GvViewerGui\Inc\GvvAddSceneAction.h">
      <Filter>Inc</Filter>
    </ClInclude>
    <ClInclude Include="C:\Users\rolan\Desktop\GigaVoxelsDev\Development\Tools\GigaVoxelsViewer\GvViewerGui\Inc\GvvBrowsableItem.h">
      <Filter>Inc</Filter>
    </ClInclude>
    <ClInclude Include="C:\Users\rolan\Desktop\GigaVoxelsDev\Development\Tools\GigaVoxelsViewer\GvViewerGui\Inc\GvvBrowserItem.h">
      <Filter>Inc</Filter>
    </ClInclude>
    <ClInclude Include="C:\Users\rolan\Desktop\GigaVoxelsDev\Development\Tools\GigaVoxelsViewer\GvViewerGui\Inc\GvvCaptureVideoAction.h">
      <Filter>Inc</Filter>
    </ClInclude>
    <ClInclude Include="C:\Users\rolan\Desktop\GigaVoxelsDev\Development\Tools\GigaVoxelsViewer\GvViewerGui\Inc\GvvContextListener.h">
      <Filter>Inc</Filter>
    </ClInclude>
    <ClInclude Include="C:\Users\rolan\Desktop\GigaVoxelsDev\Development\Tools\GigaVoxelsViewer\GvViewerGui\Inc\GvvDisplayDataStructureAction.h">
      <Filter>Inc</Filter>
    </ClInclude>
    <ClInclude Include="C:\Users\rolan\Desktop\GigaVoxelsDev\Development\Tools\GigaVoxelsViewer\GvViewerGui\Inc\GvvDisplayPerformanceCountersAction.h">
      <Filter>Inc</Filter>
    </ClInclude>
    <ClInclude Include="C:\Users\rolan\Desktop\GigaVoxelsDev\Development\Tools\GigaVoxelsViewer\GvViewerGui\Inc\GvvEditBrowsableAction.h">
      <Filter>Inc</Filter>
    </ClInclude>
    <ClInclude Include="C:\Users\rolan\Desktop\GigaVoxelsDev\Development\Tools\GigaVoxelsViewer\GvViewerGui\Inc\GvvEditCameraAction.h">
      <Filter>Inc</Filter>
    </ClInclude>
    <ClInclude Include="C:\Users\rolan\Desktop\GigaVoxelsDev\Development\Tools\GigaVoxelsViewer\GvViewerGui\Inc\GvvEditor.h">
      <Filter>Inc</Filter>
    </ClInclude>
    <ClInclude Include="C:\Users\rolan\Desktop\GigaVoxelsDev\Development\Tools\GigaVoxelsViewer\GvViewerGui\Inc\GvvGuiConfig.h">
      <Filter>Inc</Filter>
    </ClInclude>
    <ClInclude Include="C:\Users\rolan\Desktop\GigaVoxelsDev\Development\Tools\GigaVoxelsViewer\GvViewerGui\Inc\GvvOpenProgrammableShaderEditor.h">
      <Filter>Inc</Filter>
    </ClInclude>
    <ClInclude Include="C:\Users\rolan\Desktop\GigaVoxelsDev\Development\Tools\GigaVoxelsViewer\GvViewerGui\Inc\GvvOpenTransferFunctionEditor.h">
      <Filter>Inc</Filter>
    </ClInclude>
    <ClInclude Include="C:\Users\rolan\Desktop\GigaVoxelsDev\Development\Tools\GigaVoxelsViewer\GvViewerGui\Inc\GvvPipelineEditor.h">
      <Filter>Inc</Filter>
    </ClInclude>
    <ClInclude Include="C:\Users\rolan\Desktop\GigaVoxelsDev\Development\Tools\GigaVoxelsViewer\GvViewerGui\Inc\GvvRemoveBrowsableAction.h">
      <Filter>Inc</Filter>
    </ClInclude>
    <ClInclude Include="C:\Users\rolan\Desktop\GigaVoxelsDev\Development\Tools\GigaVoxelsViewer\GvViewerGui\Inc\GvvSectionEditor.h">
      <Filter>Inc</Filter>
    </ClInclude>
    <ClInclude Include="C:\Users\rolan\Desktop\GigaVoxelsDev\Development\Tools\GigaVoxelsViewer\GvViewerGui\Inc\GvvZoomToAction.h">
      <Filter>Inc</Filter>
    </ClInclude>
    <ClInclude Include="C:\Users\rolan\Desktop\GigaVoxelsDev\Development\Tools\GigaVoxelsViewer\GvViewerGui\Inc\GvvActionManager.inl">
      <Filter>Inl</Filter>
    </ClInclude>
    <ClInclude Include="C:\Users\rolan\Desktop\GigaVoxelsDev\Development\Tools\GigaVoxelsViewer\GvViewerGui\Inc\GvvContextManager.inl">
      <Filter>Inl</Filter>
    </ClInclude>
  </ItemGroup>
  <ItemGroup>
    <CustomBuild Include="C:\Users\rolan\Desktop\GigaVoxelsDev\Development\Tools\GigaVoxelsViewer\GvViewerGui\Ui\GvQCUDASourceEditor.ui">
      <Filter>Ui</Filter>
    </CustomBuild>
    <CustomBuild Include="C:\Users\rolan\Desktop\GigaVoxelsDev\Development\Tools\GigaVoxelsViewer\GvViewerGui\Ui\GvQDataLoaderDialog.ui">
      <Filter>Ui</Filter>
    </CustomBuild>
    <CustomBuild Include="C:\Users\rolan\Desktop\GigaVoxelsDev\Development\Tools\GigaVoxelsViewer\GvViewerGui\Ui\GvQGLSLSourceEditor.ui">
      <Filter>Ui</Filter>
    </CustomBuild>
    <CustomBuild Include="C:\Users\rolan\Desktop\GigaVoxelsDev\Development\Tools\GigaVoxelsViewer\GvViewerGui\Ui\GvQMainWindow.ui">
      <Filter>Ui</Filter>
    </CustomBuild>
    <CustomBuild Include="C:\Users\rolan\Desktop\GigaVoxelsDev\Development\Tools\GigaVoxelsViewer\GvViewerGui\Ui\GvQRawDataLoaderDialog.ui">
      <Filter>Ui</Filter>
    </CustomBuild>
    <CustomBuild Include="C:\Users\rolan\Desktop\GigaVoxelsDev\Development\Tools\GigaVoxelsViewer\GvViewerGui\Ui\GvQTransferFunctionEditor.ui">
      <Filter>Ui</Filter>
    </CustomBuild>
    <CustomBuild Include="C:\Users\rolan\Desktop\GigaVoxelsDev\Development\Tools\GigaVoxelsViewer\GvViewerGui\Ui\GvvQAboutDialog.ui">
      <Filter>Ui</Filter>
    </CustomBuild>
    <CustomBuild Include="C:\Users\rolan\Desktop\GigaVoxelsDev\Development\Tools\GigaVoxelsViewer\GvViewerGui\Ui\GvvQCacheEditor.ui">
      <Filter>Ui</Filter>
    </CustomBuild>
    <CustomBuild Include="C:\Users\rolan\Desktop\GigaVoxelsDev\Development\Tools\GigaVoxelsViewer\GvViewerGui\Ui\GvvQCacheUsageWidget.ui">
      <Filter>Ui</Filter>
    </CustomBuild>
    <CustomBuild Include="C:\Users\rolan\Desktop\GigaVoxelsDev\Development\Tools\GigaVoxelsViewer\GvViewerGui\Ui\GvvQCameraEditor.ui">
      <Filter>Ui</Filter>
    </CustomBuild>
    <CustomBuild Include="C:\Users\rolan\Desktop\GigaVoxelsDev\Development\Tools\GigaVoxelsViewer\GvViewerGui\Ui\GvvQEditorWidget.ui">
      <Filter>Ui</Filter>
    </CustomBuild>
    <CustomBuild Include="C:\Users\rolan\Desktop\GigaVoxelsDev\Development\Tools\GigaVoxelsViewer\GvViewerGui\Ui\GvvQInspectorView.ui">
      <Filter>Ui</Filter>
    </CustomBuild>
    <CustomBuild Include="C:\Users\rolan\Desktop\GigaVoxelsDev\Development\Tools\GigaVoxelsViewer\GvViewerGui\Ui\GvvQLightDialog.ui">
      <Filter>Ui</Filter>
    </CustomBuild>
    <CustomBuild Include="C:\Users\rolan\Desktop\GigaVoxelsDev\Development\Tools\GigaVoxelsViewer\GvViewerGui\Ui\GvvQLightEditor.ui">
      <Filter>Ui</Filter>
    </CustomBuild>
    <CustomBuild Include="C:\Users\rolan\Desktop\GigaVoxelsDev\Development\Tools\GigaVoxelsViewer\GvViewerGui\Ui\GvvQMonitoringEditor.ui">
      <Filter>Ui</Filter>
    </CustomBuild>
    <CustomBuild Include="C:\Users\rolan\Desktop\GigaVoxelsDev\Development\Tools\GigaVoxelsViewer\GvViewerGui\Ui\GvvQPreferencesDialog.ui">
      <Filter>Ui</Filter>
    </CustomBuild>
    <CustomBuild Include="C:\Users\rolan\Desktop\GigaVoxelsDev\Development\Tools\GigaVoxelsViewer\GvViewerGui\Ui\GvvQRendererEditor.ui">
      <Filter>Ui</Filter>
    </CustomBuild>
    <CustomBuild Include="C:\Users\rolan\Desktop\GigaVoxelsDev\Development\Tools\GigaVoxelsViewer\GvViewerGui\Ui\GvvQTimeBudgetView.ui">
      <Filter>Ui</Filter>
    </CustomBuild>
    <CustomBuild Include="C:\Users\rolan\Desktop\GigaVoxelsDev\Development\Tools\GigaVoxelsViewer\GvViewerGui\Ui\GvvQTransformationEditor.ui">
      <Filter>Ui</Filter>
    </CustomBuild>
    <CustomBuild Include="C:\Users\rolan\Desktop\GigaVoxelsDev\Development\Tools\GigaVoxelsViewer\GvViewerGui\Ui\resources.qrc">
      <Filter>Rc</Filter>
    </CustomBuild>
    <CustomBuild Include="C:\Users\rolan\Desktop\GigaVoxelsDev\Development\Tools\GigaVoxelsViewer\GvViewerGui\Inc\Gvv3DWindow.h">
      <Filter>Inc</Filter>
    </CustomBuild>
    <CustomBuild Include="C:\Users\rolan\Desktop\GigaVoxelsDev\Development\Tools\GigaVoxelsViewer\GvViewerGui\Inc\GvvAboutDialog.h">
      <Filter>Inc</Filter>
    </CustomBuild>
    <CustomBuild Include="C:\Users\rolan\Desktop\GigaVoxelsDev\Development\Tools\GigaVoxelsViewer\GvViewerGui\Inc\GvvAction.h">
      <Filter>Inc</Filter>
    </CustomBuild>
    <CustomBuild Include="C:\Users\rolan\Desktop\GigaVoxelsDev\Development\Tools\GigaVoxelsViewer\GvViewerGui\Inc\GvvAnalyzerToolBar.h">
      <Filter>Inc</Filter>
    </CustomBuild>
    <CustomBuild Include="C:\Users\rolan\Desktop\GigaVoxelsDev\Development\Tools\GigaVoxelsViewer\GvViewerGui\Inc\GvvApplication.h">
      <Filter>Inc</Filter>
    </CustomBuild>
    <CustomBuild Include="C:\Users\rolan\Desktop\GigaVoxelsDev\Development\Tools\GigaVoxelsViewer\GvViewerGui\Inc\GvvBrowser.h">
      <Filter>Inc</Filter>
    </CustomBuild>
    <CustomBuild Include="C:\Users\rolan\Desktop\GigaVoxelsDev\Development\Tools\GigaVoxelsViewer\GvViewerGui\Inc\GvvCUDASourceEditor.h">
      <Filter>Inc</Filter>
    </CustomBuild>
    <CustomBuild Include="C:\Users\rolan\Desktop\GigaVoxelsDev\Development\Tools\GigaVoxelsViewer\GvViewerGui\Inc\GvvCUDASyntaxHighlighter.h">
      <Filter>Inc</Filter>
    </CustomBuild>
    <CustomBuild Include="C:\Users\rolan\Desktop\GigaVoxelsDev\Development\Tools\GigaVoxelsViewer\GvViewerGui\Inc\GvvCacheEditor.h">
      <Filter>Inc</Filter>
    </CustomBuild>
    <CustomBuild Include="C:\Users\rolan\Desktop\GigaVoxelsDev\Development\Tools\GigaVoxelsViewer\GvViewerGui\Inc\GvvCacheUsageView.h">
      <Filter>Inc</Filter>
    </CustomBuild>
    <CustomBuild Include="C:\Users\rolan\Desktop\GigaVoxelsDev\Development\Tools\GigaVoxelsViewer\GvViewerGui\Inc\GvvCameraEditor.h">
      <Filter>Inc</Filter>
    </CustomBuild>
    <CustomBuild Include="C:\Users\rolan\Desktop\GigaVoxelsDev\Development\Tools\GigaVoxelsViewer\GvViewerGui\Inc\GvvCaptureToolBar.h">
      <Filter>Inc</Filter>
    </CustomBuild>
    <CustomBuild Include="C:\Users\rolan\Desktop\GigaVoxelsDev\Development\Tools\GigaVoxelsViewer\GvViewerGui\Inc\GvvContextListenerProxy.h">
      <Filter>Inc</Filter>
    </CustomBuild>
    <CustomBuild Include="C:\Users\rolan\Desktop\GigaVoxelsDev\Development\Tools\GigaVoxelsViewer\GvViewerGui\Inc\GvvContextManager.h">
      <Filter>Inc</Filter>
    </CustomBuild>
    <CustomBuild Include="C:\Users\rolan\Desktop\GigaVoxelsDev\Development\Tools\GigaVoxelsViewer\GvViewerGui\Inc\GvvContextMenu.h">
      <Filter>Inc</Filter>
    </CustomBuild>
    <CustomBuild Include="C:\Users\rolan\Desktop\GigaVoxelsDev\Development\Tools\GigaVoxelsViewer\GvViewerGui\Inc\GvvDataLoaderDialog.h">
      <Filter>Inc</Filter>
    </CustomBuild>
    <CustomBuild Include="C:\Users\rolan\Desktop\GigaVoxelsDev\Development\Tools\GigaVoxelsViewer\GvViewerGui\Inc\GvvDeviceBrowser.h">
      <Filter>Inc</Filter>
    </CustomBuild>
    <CustomBuild Include="C:\Users\rolan\Desktop\GigaVoxelsDev\Development\Tools\GigaVoxelsViewer\GvViewerGui\Inc\GvvEditorWindow.h">
      <Filter>Inc</Filter>
    </CustomBuild>
    <CustomBuild Include="C:\Users\rolan\Desktop\GigaVoxelsDev\Development\Tools\GigaVoxelsViewer\GvViewerGui\Inc\GvvGLSLSourceEditor.h">
      <Filter>Inc</Filter>
    </CustomBuild>
    <CustomBuild Include="C:\Users\rolan\Desktop\GigaVoxelsDev\Development\Tools\GigaVoxelsViewer\GvViewerGui\Inc\GvvGLSLSyntaxHighlighter.h">
      <Filter>Inc</Filter>
    </CustomBuild>
    <CustomBuild Include="C:\Users\rolan\Desktop\GigaVoxelsDev\Development\Tools\GigaVoxelsViewer\GvViewerGui\Inc\GvvGLSceneBrowser.h">
      <Filter>Inc</Filter>
    </CustomBuild>
    <CustomBuild Include="C:\Users\rolan\Desktop\GigaVoxelsDev\Development\Tools\GigaVoxelsViewer\GvViewerGui\Inc\GvvMainWindow.h">
      <Filter>Inc</Filter>
    </CustomBuild>
    <CustomBuild Include="C:\Users\rolan\Desktop\GigaVoxelsDev\Development\Tools\GigaVoxelsViewer\GvViewerGui\Inc\GvvPipelineBrowser.h">
      <Filter>Inc</Filter>
    </CustomBuild>
    <CustomBuild Include="C:\Users\rolan\Desktop\GigaVoxelsDev\Development\Tools\GigaVoxelsViewer\GvViewerGui\Inc\GvvPipelineInterfaceViewer.h">
      <Filter>Inc</Filter>
    </CustomBuild>
    <CustomBuild Include="C:\Users\rolan\Desktop\GigaVoxelsDev\Development\Tools\GigaVoxelsViewer\GvViewerGui\Inc\GvvPlotView.h">
      <Filter>Inc</Filter>
    </CustomBuild>
    <CustomBuild Include="C:\Users\rolan\Desktop\GigaVoxelsDev\Development\Tools\GigaVoxelsViewer\GvViewerGui\Inc\GvvPreferencesDialog.h">
      <Filter>Inc</Filter>
    </CustomBuild>
    <CustomBuild Include="C:\Users\rolan\Desktop\GigaVoxelsDev\Development\Tools\GigaVoxelsViewer\GvViewerGui\Inc\GvvRawDataLoaderDialog.h">
      <Filter>Inc</Filter>
    </CustomBuild>
    <CustomBuild Include="C:\Users\rolan\Desktop\GigaVoxelsDev\Development\Tools\GigaVoxelsViewer\GvViewerGui\Inc\GvvRendererEditor.h">
      <Filter>Inc</Filter>
    </CustomBuild>
    <CustomBuild Include="C:\Users\rolan\Desktop\GigaVoxelsDev\Development\Tools\GigaVoxelsViewer\GvViewerGui\Inc\GvvTimeBudgetMonitoringEditor.h">
      <Filter>Inc</Filter>
    </CustomBuild>
    <CustomBuild Include="C:\Users\rolan\Desktop\GigaVoxelsDev\Development\Tools\GigaVoxelsViewer\GvViewerGui\Inc\GvvTimeBudgetPlotView.h">
      <Filter>Inc</Filter>
    </CustomBuild>
    <CustomBuild Include="C:\Users\rolan\Desktop\GigaVoxelsDev\Development\Tools\GigaVoxelsViewer\GvViewerGui\Inc\GvvToolBar.h">
      <Filter>Inc</Filter>
    </CustomBuild>
    <CustomBuild Include="C:\Users\rolan\Desktop\GigaVoxelsDev\Development\Tools\GigaVoxelsViewer\GvViewerGui\Inc\GvvTransferFunctionEditor.h">
      <Filter>Inc</Filter>
    </CustomBuild>
    <CustomBuild Include="C:\Users\rolan\Desktop\GigaVoxelsDev\Development\Tools\GigaVoxelsViewer\GvViewerGui\Inc\GvvTransformationEditor.h">
      <Filter>Inc</Filter>
    </CustomBuild>
    <CustomBuild Include="C:\Users\rolan\Desktop\GigaVoxelsDev\Development\Tools\GigaVoxelsViewer\GvViewerGui\Inc\Qtfe.h">
      <Filter>Inc</Filter>
    </CustomBuild>
    <CustomBuild Include="C:\Users\rolan\Desktop\GigaVoxelsDev\Development\Tools\GigaVoxelsViewer\GvViewerGui\Inc\QtfeChannel.h">
      <Filter>Inc</Filter>
    </CustomBuild>
    <CustomBuild Include="C:\Users\rolan\Desktop\GigaVoxelsDev\Development\Tools\GigaVoxelsViewer\GvViewerGui\Inc\QtfeOutput.h">
      <Filter>Inc</Filter>
    </CustomBuild>
    <CustomBuild Include="C:\Users\rolan\Desktop\GigaVoxelsDev\Development\Tools\GigaVoxelsViewer\GvViewerGui\CMakeLists.txt" />
  </ItemGroup>
  <ItemGroup>
    <Filter Include="Generated">
      <UniqueIdentifier>{31B9E79C-9E33-3FB9-A190-A261FEA9C2A9}</UniqueIdentifier>
    </Filter>
    <Filter Include="Inc">
      <UniqueIdentifier>{0B6C0ABD-29D9-362C-B47F-6AEBF0BF36C0}</UniqueIdentifier>
    </Filter>
    <Filter Include="Inl">
      <UniqueIdentifier>{ACA59F40-4630-32EB-831C-CAFF485FC930}</UniqueIdentifier>
    </Filter>
    <Filter Include="Rc">
      <UniqueIdentifier>{C405F11E-4E5F-3123-9312-9561041E5CD4}</UniqueIdentifier>
    </Filter>
    <Filter Include="Src">
      <UniqueIdentifier>{0857279D-7E6B-3675-81F4-92A8D1B46980}</UniqueIdentifier>
    </Filter>
    <Filter Include="Ui">
      <UniqueIdentifier>{6B940A14-C43B-3C62-AC9A-61AC95E26AD4}</UniqueIdentifier>
    </Filter>
  </ItemGroup>
</Project>
